{
  "object": {
    "pins": [
      {
        "package": "ParseSwift",
        "repositoryURL": "https://github.com/netreconlab/Parse-Swift.git",
        "state": {
          "branch": null,
          "revision": "fc516a6e48c1c150a0ecac94910bc8dcedfc2e71",
          "version": "5.8.1"
        }
      }
    ]
  },
  "version": 1
}
