{
  "originHash" : "9dd4dfde8959509090dd06f279e39607bebb040740bd8a329cbf9889f8cbac9b",
  "pins" : [
    {
      "identity" : "parse-swift",
      "kind" : "remoteSourceControl",
      "location" : "https://github.com/netreconlab/Parse-Swift.git",
      "state" : {
        "revision" : "d9e445357d9044c058116791478e7f76395b925a",
        "version" : "6.1.0"
      }
    }
  ],
  "version" : 3
}
